
Microsoft Visual Studio Solution File, Format Version 12.00
# Visual Studio 15
VisualStudioVersion = 15.0.28307.757
MinimumVisualStudioVersion = 10.0.40219.1
Project("{FAE04EC0-301F-11D3-BF4B-00C04F79EFBC}") = "TestServerFramework", "TestServerFramework\TestServerFramework.csproj", "{81F2DA65-2692-4FFD-ADEE-0B6D4A705FDD}"
EndProject
Global
	GlobalSection(SolutionConfigurationPlatforms) = preSolution
		Debug|Any CPU = Debug|Any CPU
		Release|Any CPU = Release|Any CPU
	EndGlobalSection
	GlobalSection(ProjectConfigurationPlatforms) = postSolution
		{81F2DA65-2692-4FFD-ADEE-0B6D4A705FDD}.Debug|Any CPU.ActiveCfg = Debug|Any CPU
		{81F2DA65-2692-4FFD-ADEE-0B6D4A705FDD}.Debug|Any CPU.Build.0 = Debug|Any CPU
		{81F2DA65-2692-4FFD-ADEE-0B6D4A705FDD}.Release|Any CPU.ActiveCfg = Release|Any CPU
		{81F2DA65-2692-4FFD-ADEE-0B6D4A705FDD}.Release|Any CPU.Build.0 = Release|Any CPU
	EndGlobalSection
	GlobalSection(SolutionProperties) = preSolution
		HideSolutionNode = FALSE
	EndGlobalSection
	GlobalSection(ExtensibilityGlobals) = postSolution
		SolutionGuid = {F5EE5BE9-4C05-4366-80BB-344751DDCA65}
	EndGlobalSection
EndGlobal
